
Microsoft Visual Studio Solution File, Format Version 12.00
# Visual Studio Version 17
VisualStudioVersion = 17.10.35027.167
MinimumVisualStudioVersion = 10.0.40219.1
Project("{FAE04EC0-301F-11D3-BF4B-00C04F79EFBC}") = "ExemploArquiteturaAtual", "ExemploArquiteturaAtual\ExemploArquiteturaAtual.csproj", "{EF1C7354-06AF-407A-993D-134B7D2AAC0B}"
EndProject
Global
	GlobalSection(SolutionConfigurationPlatforms) = preSolution
		Debug|Any CPU = Debug|Any CPU
		Release|Any CPU = Release|Any CPU
	EndGlobalSection
	GlobalSection(ProjectConfigurationPlatforms) = postSolution
		{EF1C7354-06AF-407A-993D-134B7D2AAC0B}.Debug|Any CPU.ActiveCfg = Debug|Any CPU
		{EF1C7354-06AF-407A-993D-134B7D2AAC0B}.Debug|Any CPU.Build.0 = Debug|Any CPU
		{EF1C7354-06AF-407A-993D-134B7D2AAC0B}.Release|Any CPU.ActiveCfg = Release|Any CPU
		{EF1C7354-06AF-407A-993D-134B7D2AAC0B}.Release|Any CPU.Build.0 = Release|Any CPU
	EndGlobalSection
	GlobalSection(SolutionProperties) = preSolution
		HideSolutionNode = FALSE
	EndGlobalSection
	GlobalSection(ExtensibilityGlobals) = postSolution
		SolutionGuid = {496E9848-42AB-4EF0-A071-BF158BDA971C}
	EndGlobalSection
EndGlobal
